# THIS IS AN AUTOGENERATED FILE. DO NOT EDIT THIS FILE DIRECTLY.
# yarn lockfile v1


rxjs@5.5.2:
  version "5.5.2"
  resolved "https://registry.nlark.com/rxjs/download/rxjs-5.5.2.tgz#28d403f0071121967f18ad665563255d54236ac3"
  integrity sha1-KNQD8AcRIZZ/GK1mVWMlXVQjasM=
  dependencies:
    symbol-observable "^1.0.1"

symbol-observable@^1.0.1:
  version "1.2.0"
  resolved "https://registry.nlark.com/symbol-observable/download/symbol-observable-1.2.0.tgz#c22688aed4eab3cdc2dfeacbb561660560a00804"
  integrity sha1-wiaIrtTqs83C3+rLtWFmBWCgCAQ=
